
Microsoft Visual Studio Solution File, Format Version 12.00
# Visual Studio Version 17
VisualStudioVersion = 17.2.32630.192
MinimumVisualStudioVersion = 10.0.40219.1
Project("{9A19103F-16F7-4668-BE54-9A1E7A4F7556}") = "Astral", "Astral\Astral.csproj", "{A3C3C5EA-57CA-4ED5-A4FD-3E98AAC27FB9}"
EndProject
Project("{2150E333-8FDC-42A3-9474-1A3956D46DE8}") = "Solution Items", "Solution Items", "{BCBE57F5-F433-48A4-A95D-CB32FF897E85}"
	ProjectSection(SolutionItems) = preProject
		.editorconfig = .editorconfig
	EndProjectSection
EndProject
Global
	GlobalSection(SolutionConfigurationPlatforms) = preSolution
		Debug|Any CPU = Debug|Any CPU
		Release|Any CPU = Release|Any CPU
	EndGlobalSection
	GlobalSection(ProjectConfigurationPlatforms) = postSolution
		{A3C3C5EA-57CA-4ED5-A4FD-3E98AAC27FB9}.Debug|Any CPU.ActiveCfg = Debug|Any CPU
		{A3C3C5EA-57CA-4ED5-A4FD-3E98AAC27FB9}.Debug|Any CPU.Build.0 = Debug|Any CPU
		{A3C3C5EA-57CA-4ED5-A4FD-3E98AAC27FB9}.Release|Any CPU.ActiveCfg = Release|Any CPU
		{A3C3C5EA-57CA-4ED5-A4FD-3E98AAC27FB9}.Release|Any CPU.Build.0 = Release|Any CPU
	EndGlobalSection
	GlobalSection(SolutionProperties) = preSolution
		HideSolutionNode = FALSE
	EndGlobalSection
	GlobalSection(ExtensibilityGlobals) = postSolution
		SolutionGuid = {2B47845C-77DB-4651-935B-6CABDB64C99F}
	EndGlobalSection
EndGlobal
